// !$*UTF8*$!
{
	archiveVersion = 1;
	classes = {
	};
	objectVersion = 46;
	objects = {

/* Begin PBXBuildFile section */
		25039C38161AF35B0022D4DD /* img_innershadow.png in Resources */ = {isa = PBXBuildFile; fileRef = 25039C36161AF35A0022D4DD /* img_innershadow.png */; };
		25039C39161AF35B0022D4DD /* img_innershadow@2x.png in Resources */ = {isa = PBXBuildFile; fileRef = 25039C37161AF35B0022D4DD /* img_innershadow@2x.png */; };
		25039C3C161AF61A0022D4DD /* img_colorpickerthumb.png in Resources */ = {isa = PBXBuildFile; fileRef = 25039C3A161AF61A0022D4DD /* img_colorpickerthumb.png */; };
		25039C3D161AF61A0022D4DD /* img_colorpickerthumb@2x.png in Resources */ = {isa = PBXBuildFile; fileRef = 25039C3B161AF61A0022D4DD /* img_colorpickerthumb@2x.png */; };
		258E846A1619C8CA0073E979 /* UIKit.framework in Frameworks */ = {isa = PBXBuildFile; fileRef = 258E84691619C8CA0073E979 /* UIKit.framework */; };
		258E846C1619C8CA0073E979 /* Foundation.framework in Frameworks */ = {isa = PBXBuildFile; fileRef = 258E846B1619C8CA0073E979 /* Foundation.framework */; };
		258E846E1619C8CA0073E979 /* CoreGraphics.framework in Frameworks */ = {isa = PBXBuildFile; fileRef = 258E846D1619C8CA0073E979 /* CoreGraphics.framework */; };
		258E84741619C8CA0073E979 /* InfoPlist.strings in Resources */ = {isa = PBXBuildFile; fileRef = 258E84721619C8CA0073E979 /* InfoPlist.strings */; };
		258E84761619C8CA0073E979 /* main.m in Sources */ = {isa = PBXBuildFile; fileRef = 258E84751619C8CA0073E979 /* main.m */; };
		258E847A1619C8CA0073E979 /* AppDelegate.m in Sources */ = {isa = PBXBuildFile; fileRef = 258E84791619C8CA0073E979 /* AppDelegate.m */; };
		258E847D1619C8CA0073E979 /* ViewController.m in Sources */ = {isa = PBXBuildFile; fileRef = 258E847C1619C8CA0073E979 /* ViewController.m */; };
		258E84801619C8CA0073E979 /* ViewController.xib in Resources */ = {isa = PBXBuildFile; fileRef = 258E847E1619C8CA0073E979 /* ViewController.xib */; };
		258E84881619C8FB0073E979 /* YMLColorPickerView.m in Sources */ = {isa = PBXBuildFile; fileRef = 258E84871619C8FB0073E979 /* YMLColorPickerView.m */; };
		258E84901619C9BB0073E979 /* YMLColorSwatchView.m in Sources */ = {isa = PBXBuildFile; fileRef = 258E848F1619C9BB0073E979 /* YMLColorSwatchView.m */; };
		258E84931619CA1E0073E979 /* YMLColorAdjustmentView.m in Sources */ = {isa = PBXBuildFile; fileRef = 258E84921619CA1E0073E979 /* YMLColorAdjustmentView.m */; };
		258E84951619CF0B0073E979 /* QuartzCore.framework in Frameworks */ = {isa = PBXBuildFile; fileRef = 258E84941619CF0B0073E979 /* QuartzCore.framework */; };
		258E84A51619F7940073E979 /* UIImageView+Extension.m in Sources */ = {isa = PBXBuildFile; fileRef = 258E84A41619F7940073E979 /* UIImageView+Extension.m */; };
/* End PBXBuildFile section */

/* Begin PBXFileReference section */
		25039C36161AF35A0022D4DD /* img_innershadow.png */ = {isa = PBXFileReference; lastKnownFileType = image.png; path = img_innershadow.png; sourceTree = "<group>"; };
		25039C37161AF35B0022D4DD /* img_innershadow@2x.png */ = {isa = PBXFileReference; lastKnownFileType = image.png; path = "img_innershadow@2x.png"; sourceTree = "<group>"; };
		25039C3A161AF61A0022D4DD /* img_colorpickerthumb.png */ = {isa = PBXFileReference; lastKnownFileType = image.png; path = img_colorpickerthumb.png; sourceTree = "<group>"; };
		25039C3B161AF61A0022D4DD /* img_colorpickerthumb@2x.png */ = {isa = PBXFileReference; lastKnownFileType = image.png; path = "img_colorpickerthumb@2x.png"; sourceTree = "<group>"; };
		258E84651619C8CA0073E979 /* YMLColorPicker.app */ = {isa = PBXFileReference; explicitFileType = wrapper.application; includeInIndex = 0; path = YMLColorPicker.app; sourceTree = BUILT_PRODUCTS_DIR; };
		258E84691619C8CA0073E979 /* UIKit.framework */ = {isa = PBXFileReference; lastKnownFileType = wrapper.framework; name = UIKit.framework; path = System/Library/Frameworks/UIKit.framework; sourceTree = SDKROOT; };
		258E846B1619C8CA0073E979 /* Foundation.framework */ = {isa = PBXFileReference; lastKnownFileType = wrapper.framework; name = Foundation.framework; path = System/Library/Frameworks/Foundation.framework; sourceTree = SDKROOT; };
		258E846D1619C8CA0073E979 /* CoreGraphics.framework */ = {isa = PBXFileReference; lastKnownFileType = wrapper.framework; name = CoreGraphics.framework; path = System/Library/Frameworks/CoreGraphics.framework; sourceTree = SDKROOT; };
		258E84711619C8CA0073E979 /* YMLColorPicker-Info.plist */ = {isa = PBXFileReference; lastKnownFileType = text.plist.xml; path = "YMLColorPicker-Info.plist"; sourceTree = "<group>"; };
		258E84731619C8CA0073E979 /* en */ = {isa = PBXFileReference; lastKnownFileType = text.plist.strings; name = en; path = en.lproj/InfoPlist.strings; sourceTree = "<group>"; };
		258E84751619C8CA0073E979 /* main.m */ = {isa = PBXFileReference; lastKnownFileType = sourcecode.c.objc; path = main.m; sourceTree = "<group>"; };
		258E84771619C8CA0073E979 /* YMLColorPicker-Prefix.pch */ = {isa = PBXFileReference; lastKnownFileType = sourcecode.c.h; path = "YMLColorPicker-Prefix.pch"; sourceTree = "<group>"; };
		258E84781619C8CA0073E979 /* AppDelegate.h */ = {isa = PBXFileReference; lastKnownFileType = sourcecode.c.h; path = AppDelegate.h; sourceTree = "<group>"; };
		258E84791619C8CA0073E979 /* AppDelegate.m */ = {isa = PBXFileReference; lastKnownFileType = sourcecode.c.objc; path = AppDelegate.m; sourceTree = "<group>"; };
		258E847B1619C8CA0073E979 /* ViewController.h */ = {isa = PBXFileReference; lastKnownFileType = sourcecode.c.h; path = ViewController.h; sourceTree = "<group>"; };
		258E847C1619C8CA0073E979 /* ViewController.m */ = {isa = PBXFileReference; lastKnownFileType = sourcecode.c.objc; path = ViewController.m; sourceTree = "<group>"; };
		258E847F1619C8CA0073E979 /* en */ = {isa = PBXFileReference; lastKnownFileType = file.xib; name = en; path = en.lproj/ViewController.xib; sourceTree = "<group>"; };
		258E84861619C8FB0073E979 /* YMLColorPickerView.h */ = {isa = PBXFileReference; fileEncoding = 4; lastKnownFileType = sourcecode.c.h; path = YMLColorPickerView.h; sourceTree = "<group>"; };
		258E84871619C8FB0073E979 /* YMLColorPickerView.m */ = {isa = PBXFileReference; fileEncoding = 4; lastKnownFileType = sourcecode.c.objc; path = YMLColorPickerView.m; sourceTree = "<group>"; };
		258E848E1619C9BB0073E979 /* YMLColorSwatchView.h */ = {isa = PBXFileReference; fileEncoding = 4; lastKnownFileType = sourcecode.c.h; path = YMLColorSwatchView.h; sourceTree = "<group>"; };
		258E848F1619C9BB0073E979 /* YMLColorSwatchView.m */ = {isa = PBXFileReference; fileEncoding = 4; lastKnownFileType = sourcecode.c.objc; path = YMLColorSwatchView.m; sourceTree = "<group>"; };
		258E84911619CA1E0073E979 /* YMLColorAdjustmentView.h */ = {isa = PBXFileReference; fileEncoding = 4; lastKnownFileType = sourcecode.c.h; path = YMLColorAdjustmentView.h; sourceTree = "<group>"; };
		258E84921619CA1E0073E979 /* YMLColorAdjustmentView.m */ = {isa = PBXFileReference; fileEncoding = 4; lastKnownFileType = sourcecode.c.objc; path = YMLColorAdjustmentView.m; sourceTree = "<group>"; };
		258E84941619CF0B0073E979 /* QuartzCore.framework */ = {isa = PBXFileReference; lastKnownFileType = wrapper.framework; name = QuartzCore.framework; path = System/Library/Frameworks/QuartzCore.framework; sourceTree = SDKROOT; };
		258E84A31619F7940073E979 /* UIImageView+Extension.h */ = {isa = PBXFileReference; fileEncoding = 4; lastKnownFileType = sourcecode.c.h; path = "UIImageView+Extension.h"; sourceTree = "<group>"; };
		258E84A41619F7940073E979 /* UIImageView+Extension.m */ = {isa = PBXFileReference; fileEncoding = 4; lastKnownFileType = sourcecode.c.objc; path = "UIImageView+Extension.m"; sourceTree = "<group>"; };
/* End PBXFileReference section */

/* Begin PBXFrameworksBuildPhase section */
		258E84621619C8CA0073E979 /* Frameworks */ = {
			isa = PBXFrameworksBuildPhase;
			buildActionMask = 2147483647;
			files = (
				258E84951619CF0B0073E979 /* QuartzCore.framework in Frameworks */,
				258E846A1619C8CA0073E979 /* UIKit.framework in Frameworks */,
				258E846C1619C8CA0073E979 /* Foundation.framework in Frameworks */,
				258E846E1619C8CA0073E979 /* CoreGraphics.framework in Frameworks */,
			);
			runOnlyForDeploymentPostprocessing = 0;
		};
/* End PBXFrameworksBuildPhase section */

/* Begin PBXGroup section */
		258E845A1619C8CA0073E979 = {
			isa = PBXGroup;
			children = (
				258E846F1619C8CA0073E979 /* YMLColorPicker */,
				258E84681619C8CA0073E979 /* Frameworks */,
				258E84661619C8CA0073E979 /* Products */,
			);
			sourceTree = "<group>";
		};
		258E84661619C8CA0073E979 /* Products */ = {
			isa = PBXGroup;
			children = (
				258E84651619C8CA0073E979 /* YMLColorPicker.app */,
			);
			name = Products;
			sourceTree = "<group>";
		};
		258E84681619C8CA0073E979 /* Frameworks */ = {
			isa = PBXGroup;
			children = (
				258E84941619CF0B0073E979 /* QuartzCore.framework */,
				258E84691619C8CA0073E979 /* UIKit.framework */,
				258E846B1619C8CA0073E979 /* Foundation.framework */,
				258E846D1619C8CA0073E979 /* CoreGraphics.framework */,
			);
			name = Frameworks;
			sourceTree = "<group>";
		};
		258E846F1619C8CA0073E979 /* YMLColorPicker */ = {
			isa = PBXGroup;
			children = (
				25039C3A161AF61A0022D4DD /* img_colorpickerthumb.png */,
				25039C3B161AF61A0022D4DD /* img_colorpickerthumb@2x.png */,
				25039C36161AF35A0022D4DD /* img_innershadow.png */,
				25039C37161AF35B0022D4DD /* img_innershadow@2x.png */,
				258E84891619C96D0073E979 /* YMLColorPickerView */,
				258E84781619C8CA0073E979 /* AppDelegate.h */,
				258E84791619C8CA0073E979 /* AppDelegate.m */,
				258E847B1619C8CA0073E979 /* ViewController.h */,
				258E847C1619C8CA0073E979 /* ViewController.m */,
				258E847E1619C8CA0073E979 /* ViewController.xib */,
				258E84701619C8CA0073E979 /* Supporting Files */,
			);
			path = YMLColorPicker;
			sourceTree = "<group>";
		};
		258E84701619C8CA0073E979 /* Supporting Files */ = {
			isa = PBXGroup;
			children = (
				258E84711619C8CA0073E979 /* YMLColorPicker-Info.plist */,
				258E84721619C8CA0073E979 /* InfoPlist.strings */,
				258E84751619C8CA0073E979 /* main.m */,
				258E84771619C8CA0073E979 /* YMLColorPicker-Prefix.pch */,
			);
			name = "Supporting Files";
			sourceTree = "<group>";
		};
		258E84891619C96D0073E979 /* YMLColorPickerView */ = {
			isa = PBXGroup;
			children = (
				258E84A31619F7940073E979 /* UIImageView+Extension.h */,
				258E84A41619F7940073E979 /* UIImageView+Extension.m */,
				258E84861619C8FB0073E979 /* YMLColorPickerView.h */,
				258E84871619C8FB0073E979 /* YMLColorPickerView.m */,
				258E848E1619C9BB0073E979 /* YMLColorSwatchView.h */,
				258E848F1619C9BB0073E979 /* YMLColorSwatchView.m */,
				258E84911619CA1E0073E979 /* YMLColorAdjustmentView.h */,
				258E84921619CA1E0073E979 /* YMLColorAdjustmentView.m */,
			);
			name = YMLColorPickerView;
			sourceTree = "<group>";
		};
/* End PBXGroup section */

/* Begin PBXNativeTarget section */
		258E84641619C8CA0073E979 /* YMLColorPicker */ = {
			isa = PBXNativeTarget;
			buildConfigurationList = 258E84831619C8CA0073E979 /* Build configuration list for PBXNativeTarget "YMLColorPicker" */;
			buildPhases = (
				258E84611619C8CA0073E979 /* Sources */,
				258E84621619C8CA0073E979 /* Frameworks */,
				258E84631619C8CA0073E979 /* Resources */,
			);
			buildRules = (
			);
			dependencies = (
			);
			name = YMLColorPicker;
			productName = YMLColorPicker;
			productReference = 258E84651619C8CA0073E979 /* YMLColorPicker.app */;
			productType = "com.apple.product-type.application";
		};
/* End PBXNativeTarget section */

/* Begin PBXProject section */
		258E845C1619C8CA0073E979 /* Project object */ = {
			isa = PBXProject;
			attributes = {
				LastUpgradeCheck = 0430;
			};
			buildConfigurationList = 258E845F1619C8CA0073E979 /* Build configuration list for PBXProject "YMLColorPicker" */;
			compatibilityVersion = "Xcode 3.2";
			developmentRegion = English;
			hasScannedForEncodings = 0;
			knownRegions = (
				en,
			);
			mainGroup = 258E845A1619C8CA0073E979;
			productRefGroup = 258E84661619C8CA0073E979 /* Products */;
			projectDirPath = "";
			projectRoot = "";
			targets = (
				258E84641619C8CA0073E979 /* YMLColorPicker */,
			);
		};
/* End PBXProject section */

/* Begin PBXResourcesBuildPhase section */
		258E84631619C8CA0073E979 /* Resources */ = {
			isa = PBXResourcesBuildPhase;
			buildActionMask = 2147483647;
			files = (
				258E84741619C8CA0073E979 /* InfoPlist.strings in Resources */,
				258E84801619C8CA0073E979 /* ViewController.xib in Resources */,
				25039C38161AF35B0022D4DD /* img_innershadow.png in Resources */,
				25039C39161AF35B0022D4DD /* img_innershadow@2x.png in Resources */,
				25039C3C161AF61A0022D4DD /* img_colorpickerthumb.png in Resources */,
				25039C3D161AF61A0022D4DD /* img_colorpickerthumb@2x.png in Resources */,
			);
			runOnlyForDeploymentPostprocessing = 0;
		};
/* End PBXResourcesBuildPhase section */

/* Begin PBXSourcesBuildPhase section */
		258E84611619C8CA0073E979 /* Sources */ = {
			isa = PBXSourcesBuildPhase;
			buildActionMask = 2147483647;
			files = (
				258E84761619C8CA0073E979 /* main.m in Sources */,
				258E847A1619C8CA0073E979 /* AppDelegate.m in Sources */,
				258E847D1619C8CA0073E979 /* ViewController.m in Sources */,
				258E84881619C8FB0073E979 /* YMLColorPickerView.m in Sources */,
				258E84901619C9BB0073E979 /* YMLColorSwatchView.m in Sources */,
				258E84931619CA1E0073E979 /* YMLColorAdjustmentView.m in Sources */,
				258E84A51619F7940073E979 /* UIImageView+Extension.m in Sources */,
			);
			runOnlyForDeploymentPostprocessing = 0;
		};
/* End PBXSourcesBuildPhase section */

/* Begin PBXVariantGroup section */
		258E84721619C8CA0073E979 /* InfoPlist.strings */ = {
			isa = PBXVariantGroup;
			children = (
				258E84731619C8CA0073E979 /* en */,
			);
			name = InfoPlist.strings;
			sourceTree = "<group>";
		};
		258E847E1619C8CA0073E979 /* ViewController.xib */ = {
			isa = PBXVariantGroup;
			children = (
				258E847F1619C8CA0073E979 /* en */,
			);
			name = ViewController.xib;
			sourceTree = "<group>";
		};
/* End PBXVariantGroup section */

/* Begin XCBuildConfiguration section */
		258E84811619C8CA0073E979 /* Debug */ = {
			isa = XCBuildConfiguration;
			buildSettings = {
				ALWAYS_SEARCH_USER_PATHS = NO;
				ARCHS = "$(ARCHS_STANDARD_32_BIT)";
				"CODE_SIGN_IDENTITY[sdk=iphoneos*]" = "iPhone Developer";
				COPY_PHASE_STRIP = NO;
				GCC_C_LANGUAGE_STANDARD = gnu99;
				GCC_DYNAMIC_NO_PIC = NO;
				GCC_OPTIMIZATION_LEVEL = 0;
				GCC_PREPROCESSOR_DEFINITIONS = (
					"DEBUG=1",
					"$(inherited)",
				);
				GCC_SYMBOLS_PRIVATE_EXTERN = NO;
				GCC_VERSION = com.apple.compilers.llvm.clang.1_0;
				GCC_WARN_ABOUT_RETURN_TYPE = YES;
				GCC_WARN_UNINITIALIZED_AUTOS = YES;
				GCC_WARN_UNUSED_VARIABLE = YES;
				IPHONEOS_DEPLOYMENT_TARGET = 5.1;
				SDKROOT = iphoneos;
			};
			name = Debug;
		};
		258E84821619C8CA0073E979 /* Release */ = {
			isa = XCBuildConfiguration;
			buildSettings = {
				ALWAYS_SEARCH_USER_PATHS = NO;
				ARCHS = "$(ARCHS_STANDARD_32_BIT)";
				"CODE_SIGN_IDENTITY[sdk=iphoneos*]" = "iPhone Developer";
				COPY_PHASE_STRIP = YES;
				GCC_C_LANGUAGE_STANDARD = gnu99;
				GCC_VERSION = com.apple.compilers.llvm.clang.1_0;
				GCC_WARN_ABOUT_RETURN_TYPE = YES;
				GCC_WARN_UNINITIALIZED_AUTOS = YES;
				GCC_WARN_UNUSED_VARIABLE = YES;
				IPHONEOS_DEPLOYMENT_TARGET = 5.1;
				OTHER_CFLAGS = "-DNS_BLOCK_ASSERTIONS=1";
				SDKROOT = iphoneos;
				VALIDATE_PRODUCT = YES;
			};
			name = Release;
		};
		258E84841619C8CA0073E979 /* Debug */ = {
			isa = XCBuildConfiguration;
			buildSettings = {
				CODE_SIGN_IDENTITY = "iPhone Developer";
				GCC_PRECOMPILE_PREFIX_HEADER = YES;
				GCC_PREFIX_HEADER = "YMLColorPicker/YMLColorPicker-Prefix.pch";
				INFOPLIST_FILE = "YMLColorPicker/YMLColorPicker-Info.plist";
				PRODUCT_NAME = "$(TARGET_NAME)";
				PROVISIONING_PROFILE = "";
				WRAPPER_EXTENSION = app;
			};
			name = Debug;
		};
		258E84851619C8CA0073E979 /* Release */ = {
			isa = XCBuildConfiguration;
			buildSettings = {
				CODE_SIGN_IDENTITY = "iPhone Developer";
				GCC_PRECOMPILE_PREFIX_HEADER = YES;
				GCC_PREFIX_HEADER = "YMLColorPicker/YMLColorPicker-Prefix.pch";
				INFOPLIST_FILE = "YMLColorPicker/YMLColorPicker-Info.plist";
				PRODUCT_NAME = "$(TARGET_NAME)";
				PROVISIONING_PROFILE = "";
				WRAPPER_EXTENSION = app;
			};
			name = Release;
		};
/* End XCBuildConfiguration section */

/* Begin XCConfigurationList section */
		258E845F1619C8CA0073E979 /* Build configuration list for PBXProject "YMLColorPicker" */ = {
			isa = XCConfigurationList;
			buildConfigurations = (
				258E84811619C8CA0073E979 /* Debug */,
				258E84821619C8CA0073E979 /* Release */,
			);
			defaultConfigurationIsVisible = 0;
			defaultConfigurationName = Release;
		};
		258E84831619C8CA0073E979 /* Build configuration list for PBXNativeTarget "YMLColorPicker" */ = {
			isa = XCConfigurationList;
			buildConfigurations = (
				258E84841619C8CA0073E979 /* Debug */,
				258E84851619C8CA0073E979 /* Release */,
			);
			defaultConfigurationIsVisible = 0;
			defaultConfigurationName = Release;
		};
/* End XCConfigurationList section */
	};
	rootObject = 258E845C1619C8CA0073E979 /* Project object */;
}
